
Microsoft Visual Studio Solution File, Format Version 12.00
# Visual Studio Version 17
VisualStudioVersion = 17.0.31903.59
MinimumVisualStudioVersion = 10.0.40219.1
Project("{FAE04EC0-301F-11D3-BF4B-00C04F79EFBC}") = "Domain", "Domain\Domain.csproj", "{039F1061-4949-4A39-A6EB-8F82CF845FED}"
EndProject
Project("{FAE04EC0-301F-11D3-BF4B-00C04F79EFBC}") = "API", "API\API.csproj", "{BD667C4C-7C17-423E-8358-4372A45224A4}"
EndProject
Project("{FAE04EC0-301F-11D3-BF4B-00C04F79EFBC}") = "APP", "App\APP.csproj", "{752447C7-F3A8-48EE-9628-E4101C0AB031}"
EndProject
Project("{FAE04EC0-301F-11D3-BF4B-00C04F79EFBC}") = "Persistence", "Persistence\Persistence.csproj", "{D126D332-12CF-4A02-8252-9A64BD292EF4}"
EndProject
Global
	GlobalSection(SolutionConfigurationPlatforms) = preSolution
		Debug|Any CPU = Debug|Any CPU
		Release|Any CPU = Release|Any CPU
	EndGlobalSection
	GlobalSection(SolutionProperties) = preSolution
		HideSolutionNode = FALSE
	EndGlobalSection
	GlobalSection(ProjectConfigurationPlatforms) = postSolution
		{039F1061-4949-4A39-A6EB-8F82CF845FED}.Debug|Any CPU.ActiveCfg = Debug|Any CPU
		{039F1061-4949-4A39-A6EB-8F82CF845FED}.Debug|Any CPU.Build.0 = Debug|Any CPU
		{039F1061-4949-4A39-A6EB-8F82CF845FED}.Release|Any CPU.ActiveCfg = Release|Any CPU
		{039F1061-4949-4A39-A6EB-8F82CF845FED}.Release|Any CPU.Build.0 = Release|Any CPU
		{BD667C4C-7C17-423E-8358-4372A45224A4}.Debug|Any CPU.ActiveCfg = Debug|Any CPU
		{BD667C4C-7C17-423E-8358-4372A45224A4}.Debug|Any CPU.Build.0 = Debug|Any CPU
		{BD667C4C-7C17-423E-8358-4372A45224A4}.Release|Any CPU.ActiveCfg = Release|Any CPU
		{BD667C4C-7C17-423E-8358-4372A45224A4}.Release|Any CPU.Build.0 = Release|Any CPU
		{752447C7-F3A8-48EE-9628-E4101C0AB031}.Debug|Any CPU.ActiveCfg = Debug|Any CPU
		{752447C7-F3A8-48EE-9628-E4101C0AB031}.Debug|Any CPU.Build.0 = Debug|Any CPU
		{752447C7-F3A8-48EE-9628-E4101C0AB031}.Release|Any CPU.ActiveCfg = Release|Any CPU
		{752447C7-F3A8-48EE-9628-E4101C0AB031}.Release|Any CPU.Build.0 = Release|Any CPU
		{D126D332-12CF-4A02-8252-9A64BD292EF4}.Debug|Any CPU.ActiveCfg = Debug|Any CPU
		{D126D332-12CF-4A02-8252-9A64BD292EF4}.Debug|Any CPU.Build.0 = Debug|Any CPU
		{D126D332-12CF-4A02-8252-9A64BD292EF4}.Release|Any CPU.ActiveCfg = Release|Any CPU
		{D126D332-12CF-4A02-8252-9A64BD292EF4}.Release|Any CPU.Build.0 = Release|Any CPU
	EndGlobalSection
EndGlobal
